
Microsoft Visual Studio Solution File, Format Version 12.00
# Visual Studio Version 17
VisualStudioVersion = 17.5.33530.505
MinimumVisualStudioVersion = 10.0.40219.1
Project("{FAE04EC0-301F-11D3-BF4B-00C04F79EFBC}") = "ExcelPOC", "ExcelPOC.csproj", "{EDA7A6D6-8F98-46B8-9561-3A9AEB8D305C}"
EndProject
Global
	GlobalSection(SolutionConfigurationPlatforms) = preSolution
		Debug|Any CPU = Debug|Any CPU
		Release|Any CPU = Release|Any CPU
	EndGlobalSection
	GlobalSection(ProjectConfigurationPlatforms) = postSolution
		{EDA7A6D6-8F98-46B8-9561-3A9AEB8D305C}.Debug|Any CPU.ActiveCfg = Debug|Any CPU
		{EDA7A6D6-8F98-46B8-9561-3A9AEB8D305C}.Debug|Any CPU.Build.0 = Debug|Any CPU
		{EDA7A6D6-8F98-46B8-9561-3A9AEB8D305C}.Release|Any CPU.ActiveCfg = Release|Any CPU
		{EDA7A6D6-8F98-46B8-9561-3A9AEB8D305C}.Release|Any CPU.Build.0 = Release|Any CPU
	EndGlobalSection
	GlobalSection(SolutionProperties) = preSolution
		HideSolutionNode = FALSE
	EndGlobalSection
	GlobalSection(ExtensibilityGlobals) = postSolution
		SolutionGuid = {80DC8185-A8FD-4936-A0E6-C282710912DB}
	EndGlobalSection
EndGlobal
